
Microsoft Visual Studio Solution File, Format Version 12.00
Project("{FAE04EC0-301F-11D3-BF4B-00C04F79EFBC}") = "finance-backend", "finance-backend\finance-backend.csproj", "{F02C784A-59F5-4D2D-9A6B-04688B1DF409}"
EndProject
Global
	GlobalSection(SolutionConfigurationPlatforms) = preSolution
		Debug|Any CPU = Debug|Any CPU
		Release|Any CPU = Release|Any CPU
	EndGlobalSection
	GlobalSection(ProjectConfigurationPlatforms) = postSolution
		{F02C784A-59F5-4D2D-9A6B-04688B1DF409}.Debug|Any CPU.ActiveCfg = Debug|Any CPU
		{F02C784A-59F5-4D2D-9A6B-04688B1DF409}.Debug|Any CPU.Build.0 = Debug|Any CPU
		{F02C784A-59F5-4D2D-9A6B-04688B1DF409}.Release|Any CPU.ActiveCfg = Release|Any CPU
		{F02C784A-59F5-4D2D-9A6B-04688B1DF409}.Release|Any CPU.Build.0 = Release|Any CPU
	EndGlobalSection
EndGlobal
